{
  "object": {
    "pins": [
      {
        "package": "BaseComponents",
        "repositoryURL": "https://github.com/darkbringer1/BaseComponents.git",
        "state": {
          "branch": null,
          "revision": "79cc90a6de1dbfcbd84c6bdbc90da449b474cbb0",
          "version": "1.0.20"
        }
      },
      {
        "package": "DefaultNetworkOperationPackage",
        "repositoryURL": "https://github.com/emircanaydin/DefaultNetworkOperationPackage.git",
        "state": {
          "branch": null,
          "revision": "5c9042ac07fcd6522e77ca6788ffbac96a7e6913",
          "version": "1.3.1"
        }
      },
      {
        "package": "RxSwift",
        "repositoryURL": "https://github.com/ReactiveX/RxSwift.git",
        "state": {
          "branch": null,
          "revision": "7c17a6ccca06b5c107cfa4284e634562ddaf5951",
          "version": "6.2.0"
        }
      }
    ]
  },
  "version": 1
}
